
Microsoft Visual Studio Solution File, Format Version 12.00
# Visual Studio Version 17
VisualStudioVersion = 17.6.33723.286
MinimumVisualStudioVersion = 10.0.40219.1
Project("{FAE04EC0-301F-11D3-BF4B-00C04F79EFBC}") = "WorkingWithEFCore", "WorkingWithEFCore.csproj", "{FE6CBE01-0C51-4ABA-B84C-B20D05424931}"
EndProject
Global
	GlobalSection(SolutionConfigurationPlatforms) = preSolution
		Debug|Any CPU = Debug|Any CPU
		Release|Any CPU = Release|Any CPU
	EndGlobalSection
	GlobalSection(ProjectConfigurationPlatforms) = postSolution
		{FE6CBE01-0C51-4ABA-B84C-B20D05424931}.Debug|Any CPU.ActiveCfg = Debug|Any CPU
		{FE6CBE01-0C51-4ABA-B84C-B20D05424931}.Debug|Any CPU.Build.0 = Debug|Any CPU
		{FE6CBE01-0C51-4ABA-B84C-B20D05424931}.Release|Any CPU.ActiveCfg = Release|Any CPU
		{FE6CBE01-0C51-4ABA-B84C-B20D05424931}.Release|Any CPU.Build.0 = Release|Any CPU
	EndGlobalSection
	GlobalSection(SolutionProperties) = preSolution
		HideSolutionNode = FALSE
	EndGlobalSection
	GlobalSection(ExtensibilityGlobals) = postSolution
		SolutionGuid = {CB6A3C59-9877-4E6F-9033-84391D39C079}
	EndGlobalSection
EndGlobal
